// !$*UTF8*$!
{
	archiveVersion = 1;
	classes = {
	};
	objectVersion = 50;
	objects = {

/* Begin PBXBuildFile section */
		B577E5B12345717D00FA8F50 /* BadgeBackground.swift in Sources */ = {isa = PBXBuildFile; fileRef = B577E5B02345717D00FA8F50 /* BadgeBackground.swift */; };
		B577E5B3234571B300FA8F50 /* HexagonParameters.swift in Sources */ = {isa = PBXBuildFile; fileRef = B577E5B2234571B300FA8F50 /* HexagonParameters.swift */; };
		B577E5B5234583A400FA8F50 /* Badge.swift in Sources */ = {isa = PBXBuildFile; fileRef = B577E5B4234583A400FA8F50 /* Badge.swift */; };
		B577E5B7234583CA00FA8F50 /* BadgeSymbol.swift in Sources */ = {isa = PBXBuildFile; fileRef = B577E5B6234583CA00FA8F50 /* BadgeSymbol.swift */; };
		B5BADD1F2346CD0A0026AF96 /* HikeView.swift in Sources */ = {isa = PBXBuildFile; fileRef = B5BADD1E2346CD0A0026AF96 /* HikeView.swift */; };
		B5BADD212346CD310026AF96 /* Hike.swift in Sources */ = {isa = PBXBuildFile; fileRef = B5BADD202346CD310026AF96 /* Hike.swift */; };
		B5BADD232346CD690026AF96 /* HikeGraph.swift in Sources */ = {isa = PBXBuildFile; fileRef = B5BADD222346CD690026AF96 /* HikeGraph.swift */; };
		B5BADD252346CD970026AF96 /* hikeData.json in Resources */ = {isa = PBXBuildFile; fileRef = B5BADD242346CD970026AF96 /* hikeData.json */; };
		B5BADD272346CDE30026AF96 /* HikeDetail.swift in Sources */ = {isa = PBXBuildFile; fileRef = B5BADD262346CDE30026AF96 /* HikeDetail.swift */; };
		B5BADD292346CE560026AF96 /* GraphCapsule.swift in Sources */ = {isa = PBXBuildFile; fileRef = B5BADD282346CE560026AF96 /* GraphCapsule.swift */; };
		B5CBD446233CF25A00BDD002 /* AppDelegate.swift in Sources */ = {isa = PBXBuildFile; fileRef = B5CBD445233CF25A00BDD002 /* AppDelegate.swift */; };
		B5CBD448233CF25A00BDD002 /* SceneDelegate.swift in Sources */ = {isa = PBXBuildFile; fileRef = B5CBD447233CF25A00BDD002 /* SceneDelegate.swift */; };
		B5CBD44A233CF25A00BDD002 /* LandmarkDetail.swift in Sources */ = {isa = PBXBuildFile; fileRef = B5CBD449233CF25A00BDD002 /* LandmarkDetail.swift */; };
		B5CBD44C233CF25B00BDD002 /* Assets.xcassets in Resources */ = {isa = PBXBuildFile; fileRef = B5CBD44B233CF25B00BDD002 /* Assets.xcassets */; };
		B5CBD44F233CF25B00BDD002 /* Preview Assets.xcassets in Resources */ = {isa = PBXBuildFile; fileRef = B5CBD44E233CF25B00BDD002 /* Preview Assets.xcassets */; };
		B5CBD452233CF25B00BDD002 /* LaunchScreen.storyboard in Resources */ = {isa = PBXBuildFile; fileRef = B5CBD450233CF25B00BDD002 /* LaunchScreen.storyboard */; };
		B5CBD45A233CF5CC00BDD002 /* CircleImage.swift in Sources */ = {isa = PBXBuildFile; fileRef = B5CBD459233CF5CC00BDD002 /* CircleImage.swift */; };
		B5CBD45C233CF69C00BDD002 /* MapView.swift in Sources */ = {isa = PBXBuildFile; fileRef = B5CBD45B233CF69C00BDD002 /* MapView.swift */; };
		B5D8F7412344A0C300896D77 /* charleyrivers.jpg in Resources */ = {isa = PBXBuildFile; fileRef = B5D8F7342344A0C300896D77 /* charleyrivers.jpg */; };
		B5D8F7422344A0C300896D77 /* chincoteague.jpg in Resources */ = {isa = PBXBuildFile; fileRef = B5D8F7352344A0C300896D77 /* chincoteague.jpg */; };
		B5D8F7432344A0C300896D77 /* silversalmoncreek.jpg in Resources */ = {isa = PBXBuildFile; fileRef = B5D8F7362344A0C300896D77 /* silversalmoncreek.jpg */; };
		B5D8F7442344A0C300896D77 /* hiddenlake.jpg in Resources */ = {isa = PBXBuildFile; fileRef = B5D8F7372344A0C300896D77 /* hiddenlake.jpg */; };
		B5D8F7452344A0C300896D77 /* landmarkData.json in Resources */ = {isa = PBXBuildFile; fileRef = B5D8F7382344A0C300896D77 /* landmarkData.json */; };
		B5D8F7462344A0C300896D77 /* rainbowlake.jpg in Resources */ = {isa = PBXBuildFile; fileRef = B5D8F7392344A0C300896D77 /* rainbowlake.jpg */; };
		B5D8F7472344A0C300896D77 /* umbagog.jpg in Resources */ = {isa = PBXBuildFile; fileRef = B5D8F73A2344A0C300896D77 /* umbagog.jpg */; };
		B5D8F7482344A0C300896D77 /* turtlerock.jpg in Resources */ = {isa = PBXBuildFile; fileRef = B5D8F73B2344A0C300896D77 /* turtlerock.jpg */; };
		B5D8F7492344A0C300896D77 /* chilkoottrail.jpg in Resources */ = {isa = PBXBuildFile; fileRef = B5D8F73C2344A0C300896D77 /* chilkoottrail.jpg */; };
		B5D8F74A2344A0C300896D77 /* lakemcdonald.jpg in Resources */ = {isa = PBXBuildFile; fileRef = B5D8F73D2344A0C300896D77 /* lakemcdonald.jpg */; };
		B5D8F74B2344A0C300896D77 /* twinlake.jpg in Resources */ = {isa = PBXBuildFile; fileRef = B5D8F73E2344A0C300896D77 /* twinlake.jpg */; };
		B5D8F74C2344A0C300896D77 /* stmarylake.jpg in Resources */ = {isa = PBXBuildFile; fileRef = B5D8F73F2344A0C300896D77 /* stmarylake.jpg */; };
		B5D8F74D2344A0C300896D77 /* icybay.jpg in Resources */ = {isa = PBXBuildFile; fileRef = B5D8F7402344A0C300896D77 /* icybay.jpg */; };
		B5D8F74F2344A5E700896D77 /* UserData.swift in Sources */ = {isa = PBXBuildFile; fileRef = B5D8F74E2344A5E700896D77 /* UserData.swift */; };
		B5E688792345AA9D009E9085 /* RotatedBadgeSymbol.swift in Sources */ = {isa = PBXBuildFile; fileRef = B5E688782345AA9D009E9085 /* RotatedBadgeSymbol.swift */; };
		B5F479EF233E4AE40015A8EB /* Landmark.swift in Sources */ = {isa = PBXBuildFile; fileRef = B5F479EE233E4AE40015A8EB /* Landmark.swift */; };
		B5F479F4233E4CC20015A8EB /* Data.swift in Sources */ = {isa = PBXBuildFile; fileRef = B5F479F3233E4CC20015A8EB /* Data.swift */; };
		B5F47A12233E4DED0015A8EB /* LandmarkRow.swift in Sources */ = {isa = PBXBuildFile; fileRef = B5F47A11233E4DED0015A8EB /* LandmarkRow.swift */; };
		B5F47A14233E502E0015A8EB /* LandmarkList.swift in Sources */ = {isa = PBXBuildFile; fileRef = B5F47A13233E502E0015A8EB /* LandmarkList.swift */; };
/* End PBXBuildFile section */

/* Begin PBXFileReference section */
		B577E5B02345717D00FA8F50 /* BadgeBackground.swift */ = {isa = PBXFileReference; lastKnownFileType = sourcecode.swift; path = BadgeBackground.swift; sourceTree = "<group>"; };
		B577E5B2234571B300FA8F50 /* HexagonParameters.swift */ = {isa = PBXFileReference; lastKnownFileType = sourcecode.swift; path = HexagonParameters.swift; sourceTree = "<group>"; };
		B577E5B4234583A400FA8F50 /* Badge.swift */ = {isa = PBXFileReference; lastKnownFileType = sourcecode.swift; path = Badge.swift; sourceTree = "<group>"; };
		B577E5B6234583CA00FA8F50 /* BadgeSymbol.swift */ = {isa = PBXFileReference; lastKnownFileType = sourcecode.swift; path = BadgeSymbol.swift; sourceTree = "<group>"; };
		B5BADD1E2346CD0A0026AF96 /* HikeView.swift */ = {isa = PBXFileReference; lastKnownFileType = sourcecode.swift; path = HikeView.swift; sourceTree = "<group>"; };
		B5BADD202346CD310026AF96 /* Hike.swift */ = {isa = PBXFileReference; fileEncoding = 4; lastKnownFileType = sourcecode.swift; path = Hike.swift; sourceTree = "<group>"; };
		B5BADD222346CD690026AF96 /* HikeGraph.swift */ = {isa = PBXFileReference; fileEncoding = 4; lastKnownFileType = sourcecode.swift; path = HikeGraph.swift; sourceTree = "<group>"; };
		B5BADD242346CD970026AF96 /* hikeData.json */ = {isa = PBXFileReference; fileEncoding = 4; lastKnownFileType = text.json; path = hikeData.json; sourceTree = "<group>"; };
		B5BADD262346CDE30026AF96 /* HikeDetail.swift */ = {isa = PBXFileReference; fileEncoding = 4; lastKnownFileType = sourcecode.swift; path = HikeDetail.swift; sourceTree = "<group>"; };
		B5BADD282346CE560026AF96 /* GraphCapsule.swift */ = {isa = PBXFileReference; fileEncoding = 4; lastKnownFileType = sourcecode.swift; path = GraphCapsule.swift; sourceTree = "<group>"; };
		B5CBD442233CF25A00BDD002 /* Landmarks.app */ = {isa = PBXFileReference; explicitFileType = wrapper.application; includeInIndex = 0; path = Landmarks.app; sourceTree = BUILT_PRODUCTS_DIR; };
		B5CBD445233CF25A00BDD002 /* AppDelegate.swift */ = {isa = PBXFileReference; lastKnownFileType = sourcecode.swift; path = AppDelegate.swift; sourceTree = "<group>"; };
		B5CBD447233CF25A00BDD002 /* SceneDelegate.swift */ = {isa = PBXFileReference; lastKnownFileType = sourcecode.swift; path = SceneDelegate.swift; sourceTree = "<group>"; };
		B5CBD449233CF25A00BDD002 /* LandmarkDetail.swift */ = {isa = PBXFileReference; lastKnownFileType = sourcecode.swift; path = LandmarkDetail.swift; sourceTree = "<group>"; };
		B5CBD44B233CF25B00BDD002 /* Assets.xcassets */ = {isa = PBXFileReference; lastKnownFileType = folder.assetcatalog; path = Assets.xcassets; sourceTree = "<group>"; };
		B5CBD44E233CF25B00BDD002 /* Preview Assets.xcassets */ = {isa = PBXFileReference; lastKnownFileType = folder.assetcatalog; path = "Preview Assets.xcassets"; sourceTree = "<group>"; };
		B5CBD451233CF25B00BDD002 /* Base */ = {isa = PBXFileReference; lastKnownFileType = file.storyboard; name = Base; path = Base.lproj/LaunchScreen.storyboard; sourceTree = "<group>"; };
		B5CBD453233CF25B00BDD002 /* Info.plist */ = {isa = PBXFileReference; lastKnownFileType = text.plist.xml; path = Info.plist; sourceTree = "<group>"; };
		B5CBD459233CF5CC00BDD002 /* CircleImage.swift */ = {isa = PBXFileReference; lastKnownFileType = sourcecode.swift; path = CircleImage.swift; sourceTree = "<group>"; };
		B5CBD45B233CF69C00BDD002 /* MapView.swift */ = {isa = PBXFileReference; lastKnownFileType = sourcecode.swift; path = MapView.swift; sourceTree = "<group>"; };
		B5D8F7342344A0C300896D77 /* charleyrivers.jpg */ = {isa = PBXFileReference; lastKnownFileType = image.jpeg; path = charleyrivers.jpg; sourceTree = "<group>"; };
		B5D8F7352344A0C300896D77 /* chincoteague.jpg */ = {isa = PBXFileReference; lastKnownFileType = image.jpeg; path = chincoteague.jpg; sourceTree = "<group>"; };
		B5D8F7362344A0C300896D77 /* silversalmoncreek.jpg */ = {isa = PBXFileReference; lastKnownFileType = image.jpeg; path = silversalmoncreek.jpg; sourceTree = "<group>"; };
		B5D8F7372344A0C300896D77 /* hiddenlake.jpg */ = {isa = PBXFileReference; lastKnownFileType = image.jpeg; path = hiddenlake.jpg; sourceTree = "<group>"; };
		B5D8F7382344A0C300896D77 /* landmarkData.json */ = {isa = PBXFileReference; fileEncoding = 4; lastKnownFileType = text.json; path = landmarkData.json; sourceTree = "<group>"; };
		B5D8F7392344A0C300896D77 /* rainbowlake.jpg */ = {isa = PBXFileReference; lastKnownFileType = image.jpeg; path = rainbowlake.jpg; sourceTree = "<group>"; };
		B5D8F73A2344A0C300896D77 /* umbagog.jpg */ = {isa = PBXFileReference; lastKnownFileType = image.jpeg; path = umbagog.jpg; sourceTree = "<group>"; };
		B5D8F73B2344A0C300896D77 /* turtlerock.jpg */ = {isa = PBXFileReference; lastKnownFileType = image.jpeg; path = turtlerock.jpg; sourceTree = "<group>"; };
		B5D8F73C2344A0C300896D77 /* chilkoottrail.jpg */ = {isa = PBXFileReference; lastKnownFileType = image.jpeg; path = chilkoottrail.jpg; sourceTree = "<group>"; };
		B5D8F73D2344A0C300896D77 /* lakemcdonald.jpg */ = {isa = PBXFileReference; lastKnownFileType = image.jpeg; path = lakemcdonald.jpg; sourceTree = "<group>"; };
		B5D8F73E2344A0C300896D77 /* twinlake.jpg */ = {isa = PBXFileReference; lastKnownFileType = image.jpeg; path = twinlake.jpg; sourceTree = "<group>"; };
		B5D8F73F2344A0C300896D77 /* stmarylake.jpg */ = {isa = PBXFileReference; lastKnownFileType = image.jpeg; path = stmarylake.jpg; sourceTree = "<group>"; };
		B5D8F7402344A0C300896D77 /* icybay.jpg */ = {isa = PBXFileReference; lastKnownFileType = image.jpeg; path = icybay.jpg; sourceTree = "<group>"; };
		B5D8F74E2344A5E700896D77 /* UserData.swift */ = {isa = PBXFileReference; lastKnownFileType = sourcecode.swift; path = UserData.swift; sourceTree = "<group>"; };
		B5E688782345AA9D009E9085 /* RotatedBadgeSymbol.swift */ = {isa = PBXFileReference; lastKnownFileType = sourcecode.swift; path = RotatedBadgeSymbol.swift; sourceTree = "<group>"; };
		B5F479EE233E4AE40015A8EB /* Landmark.swift */ = {isa = PBXFileReference; lastKnownFileType = sourcecode.swift; path = Landmark.swift; sourceTree = "<group>"; };
		B5F479F3233E4CC20015A8EB /* Data.swift */ = {isa = PBXFileReference; fileEncoding = 4; lastKnownFileType = sourcecode.swift; path = Data.swift; sourceTree = "<group>"; };
		B5F47A11233E4DED0015A8EB /* LandmarkRow.swift */ = {isa = PBXFileReference; lastKnownFileType = sourcecode.swift; path = LandmarkRow.swift; sourceTree = "<group>"; };
		B5F47A13233E502E0015A8EB /* LandmarkList.swift */ = {isa = PBXFileReference; lastKnownFileType = sourcecode.swift; path = LandmarkList.swift; sourceTree = "<group>"; };
/* End PBXFileReference section */

/* Begin PBXFrameworksBuildPhase section */
		B5CBD43F233CF25A00BDD002 /* Frameworks */ = {
			isa = PBXFrameworksBuildPhase;
			buildActionMask = 2147483647;
			files = (
			);
			runOnlyForDeploymentPostprocessing = 0;
		};
/* End PBXFrameworksBuildPhase section */

/* Begin PBXGroup section */
		B5CBD439233CF25A00BDD002 = {
			isa = PBXGroup;
			children = (
				B5CBD444233CF25A00BDD002 /* Landmarks */,
				B5CBD443233CF25A00BDD002 /* Products */,
			);
			sourceTree = "<group>";
		};
		B5CBD443233CF25A00BDD002 /* Products */ = {
			isa = PBXGroup;
			children = (
				B5CBD442233CF25A00BDD002 /* Landmarks.app */,
			);
			name = Products;
			sourceTree = "<group>";
		};
		B5CBD444233CF25A00BDD002 /* Landmarks */ = {
			isa = PBXGroup;
			children = (
				B5F479F2233E4CB00015A8EB /* Models */,
				B5CBD445233CF25A00BDD002 /* AppDelegate.swift */,
				B5CBD447233CF25A00BDD002 /* SceneDelegate.swift */,
				B5CBD449233CF25A00BDD002 /* LandmarkDetail.swift */,
				B5F47A13233E502E0015A8EB /* LandmarkList.swift */,
				B577E5B2234571B300FA8F50 /* HexagonParameters.swift */,
				B5BADD1E2346CD0A0026AF96 /* HikeView.swift */,
				B5BADD262346CDE30026AF96 /* HikeDetail.swift */,
				B5F479F5233E4D090015A8EB /* Supporting Views */,
				B5F479F6233E4D640015A8EB /* Resources */,
				B5CBD44B233CF25B00BDD002 /* Assets.xcassets */,
				B5CBD450233CF25B00BDD002 /* LaunchScreen.storyboard */,
				B5CBD453233CF25B00BDD002 /* Info.plist */,
				B5CBD44D233CF25B00BDD002 /* Preview Content */,
			);
			path = Landmarks;
			sourceTree = "<group>";
		};
		B5CBD44D233CF25B00BDD002 /* Preview Content */ = {
			isa = PBXGroup;
			children = (
				B5CBD44E233CF25B00BDD002 /* Preview Assets.xcassets */,
			);
			path = "Preview Content";
			sourceTree = "<group>";
		};
		B5F479F2233E4CB00015A8EB /* Models */ = {
			isa = PBXGroup;
			children = (
				B5F479F3233E4CC20015A8EB /* Data.swift */,
				B5F479EE233E4AE40015A8EB /* Landmark.swift */,
				B5D8F74E2344A5E700896D77 /* UserData.swift */,
				B5BADD202346CD310026AF96 /* Hike.swift */,
			);
			path = Models;
			sourceTree = "<group>";
		};
		B5F479F5233E4D090015A8EB /* Supporting Views */ = {
			isa = PBXGroup;
			children = (
				B5CBD459233CF5CC00BDD002 /* CircleImage.swift */,
				B5CBD45B233CF69C00BDD002 /* MapView.swift */,
				B5F47A11233E4DED0015A8EB /* LandmarkRow.swift */,
				B577E5B02345717D00FA8F50 /* BadgeBackground.swift */,
				B577E5B4234583A400FA8F50 /* Badge.swift */,
				B577E5B6234583CA00FA8F50 /* BadgeSymbol.swift */,
				B5E688782345AA9D009E9085 /* RotatedBadgeSymbol.swift */,
				B5BADD222346CD690026AF96 /* HikeGraph.swift */,
				B5BADD282346CE560026AF96 /* GraphCapsule.swift */,
			);
			path = "Supporting Views";
			sourceTree = "<group>";
		};
		B5F479F6233E4D640015A8EB /* Resources */ = {
			isa = PBXGroup;
			children = (
				B5D8F7342344A0C300896D77 /* charleyrivers.jpg */,
				B5D8F73C2344A0C300896D77 /* chilkoottrail.jpg */,
				B5D8F7352344A0C300896D77 /* chincoteague.jpg */,
				B5D8F7372344A0C300896D77 /* hiddenlake.jpg */,
				B5D8F7402344A0C300896D77 /* icybay.jpg */,
				B5D8F73D2344A0C300896D77 /* lakemcdonald.jpg */,
				B5D8F7382344A0C300896D77 /* landmarkData.json */,
				B5D8F7392344A0C300896D77 /* rainbowlake.jpg */,
				B5D8F7362344A0C300896D77 /* silversalmoncreek.jpg */,
				B5D8F73F2344A0C300896D77 /* stmarylake.jpg */,
				B5D8F73B2344A0C300896D77 /* turtlerock.jpg */,
				B5D8F73E2344A0C300896D77 /* twinlake.jpg */,
				B5D8F73A2344A0C300896D77 /* umbagog.jpg */,
				B5BADD242346CD970026AF96 /* hikeData.json */,
			);
			path = Resources;
			sourceTree = "<group>";
		};
/* End PBXGroup section */

/* Begin PBXNativeTarget section */
		B5CBD441233CF25A00BDD002 /* Landmarks */ = {
			isa = PBXNativeTarget;
			buildConfigurationList = B5CBD456233CF25B00BDD002 /* Build configuration list for PBXNativeTarget "Landmarks" */;
			buildPhases = (
				B5CBD43E233CF25A00BDD002 /* Sources */,
				B5CBD43F233CF25A00BDD002 /* Frameworks */,
				B5CBD440233CF25A00BDD002 /* Resources */,
			);
			buildRules = (
			);
			dependencies = (
			);
			name = Landmarks;
			productName = Landmarks;
			productReference = B5CBD442233CF25A00BDD002 /* Landmarks.app */;
			productType = "com.apple.product-type.application";
		};
/* End PBXNativeTarget section */

/* Begin PBXProject section */
		B5CBD43A233CF25A00BDD002 /* Project object */ = {
			isa = PBXProject;
			attributes = {
				LastSwiftUpdateCheck = 1100;
				LastUpgradeCheck = 1100;
				ORGANIZATIONNAME = "Đặng Quang Hưng";
				TargetAttributes = {
					B5CBD441233CF25A00BDD002 = {
						CreatedOnToolsVersion = 11.0;
					};
				};
			};
			buildConfigurationList = B5CBD43D233CF25A00BDD002 /* Build configuration list for PBXProject "Landmarks" */;
			compatibilityVersion = "Xcode 9.3";
			developmentRegion = en;
			hasScannedForEncodings = 0;
			knownRegions = (
				en,
				Base,
			);
			mainGroup = B5CBD439233CF25A00BDD002;
			productRefGroup = B5CBD443233CF25A00BDD002 /* Products */;
			projectDirPath = "";
			projectRoot = "";
			targets = (
				B5CBD441233CF25A00BDD002 /* Landmarks */,
			);
		};
/* End PBXProject section */

/* Begin PBXResourcesBuildPhase section */
		B5CBD440233CF25A00BDD002 /* Resources */ = {
			isa = PBXResourcesBuildPhase;
			buildActionMask = 2147483647;
			files = (
				B5CBD452233CF25B00BDD002 /* LaunchScreen.storyboard in Resources */,
				B5D8F7492344A0C300896D77 /* chilkoottrail.jpg in Resources */,
				B5BADD252346CD970026AF96 /* hikeData.json in Resources */,
				B5D8F7482344A0C300896D77 /* turtlerock.jpg in Resources */,
				B5D8F74A2344A0C300896D77 /* lakemcdonald.jpg in Resources */,
				B5D8F74B2344A0C300896D77 /* twinlake.jpg in Resources */,
				B5CBD44F233CF25B00BDD002 /* Preview Assets.xcassets in Resources */,
				B5D8F74C2344A0C300896D77 /* stmarylake.jpg in Resources */,
				B5CBD44C233CF25B00BDD002 /* Assets.xcassets in Resources */,
				B5D8F7432344A0C300896D77 /* silversalmoncreek.jpg in Resources */,
				B5D8F7472344A0C300896D77 /* umbagog.jpg in Resources */,
				B5D8F74D2344A0C300896D77 /* icybay.jpg in Resources */,
				B5D8F7412344A0C300896D77 /* charleyrivers.jpg in Resources */,
				B5D8F7452344A0C300896D77 /* landmarkData.json in Resources */,
				B5D8F7422344A0C300896D77 /* chincoteague.jpg in Resources */,
				B5D8F7462344A0C300896D77 /* rainbowlake.jpg in Resources */,
				B5D8F7442344A0C300896D77 /* hiddenlake.jpg in Resources */,
			);
			runOnlyForDeploymentPostprocessing = 0;
		};
/* End PBXResourcesBuildPhase section */

/* Begin PBXSourcesBuildPhase section */
		B5CBD43E233CF25A00BDD002 /* Sources */ = {
			isa = PBXSourcesBuildPhase;
			buildActionMask = 2147483647;
			files = (
				B5BADD292346CE560026AF96 /* GraphCapsule.swift in Sources */,
				B5BADD212346CD310026AF96 /* Hike.swift in Sources */,
				B5BADD232346CD690026AF96 /* HikeGraph.swift in Sources */,
				B577E5B3234571B300FA8F50 /* HexagonParameters.swift in Sources */,
				B5F479F4233E4CC20015A8EB /* Data.swift in Sources */,
				B5CBD446233CF25A00BDD002 /* AppDelegate.swift in Sources */,
				B577E5B12345717D00FA8F50 /* BadgeBackground.swift in Sources */,
				B5CBD45A233CF5CC00BDD002 /* CircleImage.swift in Sources */,
				B5BADD272346CDE30026AF96 /* HikeDetail.swift in Sources */,
				B5BADD1F2346CD0A0026AF96 /* HikeView.swift in Sources */,
				B5CBD45C233CF69C00BDD002 /* MapView.swift in Sources */,
				B5F47A14233E502E0015A8EB /* LandmarkList.swift in Sources */,
				B577E5B7234583CA00FA8F50 /* BadgeSymbol.swift in Sources */,
				B5E688792345AA9D009E9085 /* RotatedBadgeSymbol.swift in Sources */,
				B5CBD448233CF25A00BDD002 /* SceneDelegate.swift in Sources */,
				B5CBD44A233CF25A00BDD002 /* LandmarkDetail.swift in Sources */,
				B5F47A12233E4DED0015A8EB /* LandmarkRow.swift in Sources */,
				B5D8F74F2344A5E700896D77 /* UserData.swift in Sources */,
				B577E5B5234583A400FA8F50 /* Badge.swift in Sources */,
				B5F479EF233E4AE40015A8EB /* Landmark.swift in Sources */,
			);
			runOnlyForDeploymentPostprocessing = 0;
		};
/* End PBXSourcesBuildPhase section */

/* Begin PBXVariantGroup section */
		B5CBD450233CF25B00BDD002 /* LaunchScreen.storyboard */ = {
			isa = PBXVariantGroup;
			children = (
				B5CBD451233CF25B00BDD002 /* Base */,
			);
			name = LaunchScreen.storyboard;
			sourceTree = "<group>";
		};
/* End PBXVariantGroup section */

/* Begin XCBuildConfiguration section */
		B5CBD454233CF25B00BDD002 /* Debug */ = {
			isa = XCBuildConfiguration;
			buildSettings = {
				ALWAYS_SEARCH_USER_PATHS = NO;
				CLANG_ANALYZER_NONNULL = YES;
				CLANG_ANALYZER_NUMBER_OBJECT_CONVERSION = YES_AGGRESSIVE;
				CLANG_CXX_LANGUAGE_STANDARD = "gnu++14";
				CLANG_CXX_LIBRARY = "libc++";
				CLANG_ENABLE_MODULES = YES;
				CLANG_ENABLE_OBJC_ARC = YES;
				CLANG_ENABLE_OBJC_WEAK = YES;
				CLANG_WARN_BLOCK_CAPTURE_AUTORELEASING = YES;
				CLANG_WARN_BOOL_CONVERSION = YES;
				CLANG_WARN_COMMA = YES;
				CLANG_WARN_CONSTANT_CONVERSION = YES;
				CLANG_WARN_DEPRECATED_OBJC_IMPLEMENTATIONS = YES;
				CLANG_WARN_DIRECT_OBJC_ISA_USAGE = YES_ERROR;
				CLANG_WARN_DOCUMENTATION_COMMENTS = YES;
				CLANG_WARN_EMPTY_BODY = YES;
				CLANG_WARN_ENUM_CONVERSION = YES;
				CLANG_WARN_INFINITE_RECURSION = YES;
				CLANG_WARN_INT_CONVERSION = YES;
				CLANG_WARN_NON_LITERAL_NULL_CONVERSION = YES;
				CLANG_WARN_OBJC_IMPLICIT_RETAIN_SELF = YES;
				CLANG_WARN_OBJC_LITERAL_CONVERSION = YES;
				CLANG_WARN_OBJC_ROOT_CLASS = YES_ERROR;
				CLANG_WARN_RANGE_LOOP_ANALYSIS = YES;
				CLANG_WARN_STRICT_PROTOTYPES = YES;
				CLANG_WARN_SUSPICIOUS_MOVE = YES;
				CLANG_WARN_UNGUARDED_AVAILABILITY = YES_AGGRESSIVE;
				CLANG_WARN_UNREACHABLE_CODE = YES;
				CLANG_WARN__DUPLICATE_METHOD_MATCH = YES;
				COPY_PHASE_STRIP = NO;
				DEBUG_INFORMATION_FORMAT = dwarf;
				ENABLE_STRICT_OBJC_MSGSEND = YES;
				ENABLE_TESTABILITY = YES;
				GCC_C_LANGUAGE_STANDARD = gnu11;
				GCC_DYNAMIC_NO_PIC = NO;
				GCC_NO_COMMON_BLOCKS = YES;
				GCC_OPTIMIZATION_LEVEL = 0;
				GCC_PREPROCESSOR_DEFINITIONS = (
					"DEBUG=1",
					"$(inherited)",
				);
				GCC_WARN_64_TO_32_BIT_CONVERSION = YES;
				GCC_WARN_ABOUT_RETURN_TYPE = YES_ERROR;
				GCC_WARN_UNDECLARED_SELECTOR = YES;
				GCC_WARN_UNINITIALIZED_AUTOS = YES_AGGRESSIVE;
				GCC_WARN_UNUSED_FUNCTION = YES;
				GCC_WARN_UNUSED_VARIABLE = YES;
				IPHONEOS_DEPLOYMENT_TARGET = 13.0;
				MTL_ENABLE_DEBUG_INFO = INCLUDE_SOURCE;
				MTL_FAST_MATH = YES;
				ONLY_ACTIVE_ARCH = YES;
				SDKROOT = iphoneos;
				SWIFT_ACTIVE_COMPILATION_CONDITIONS = DEBUG;
				SWIFT_OPTIMIZATION_LEVEL = "-Onone";
			};
			name = Debug;
		};
		B5CBD455233CF25B00BDD002 /* Release */ = {
			isa = XCBuildConfiguration;
			buildSettings = {
				ALWAYS_SEARCH_USER_PATHS = NO;
				CLANG_ANALYZER_NONNULL = YES;
				CLANG_ANALYZER_NUMBER_OBJECT_CONVERSION = YES_AGGRESSIVE;
				CLANG_CXX_LANGUAGE_STANDARD = "gnu++14";
				CLANG_CXX_LIBRARY = "libc++";
				CLANG_ENABLE_MODULES = YES;
				CLANG_ENABLE_OBJC_ARC = YES;
				CLANG_ENABLE_OBJC_WEAK = YES;
				CLANG_WARN_BLOCK_CAPTURE_AUTORELEASING = YES;
				CLANG_WARN_BOOL_CONVERSION = YES;
				CLANG_WARN_COMMA = YES;
				CLANG_WARN_CONSTANT_CONVERSION = YES;
				CLANG_WARN_DEPRECATED_OBJC_IMPLEMENTATIONS = YES;
				CLANG_WARN_DIRECT_OBJC_ISA_USAGE = YES_ERROR;
				CLANG_WARN_DOCUMENTATION_COMMENTS = YES;
				CLANG_WARN_EMPTY_BODY = YES;
				CLANG_WARN_ENUM_CONVERSION = YES;
				CLANG_WARN_INFINITE_RECURSION = YES;
				CLANG_WARN_INT_CONVERSION = YES;
				CLANG_WARN_NON_LITERAL_NULL_CONVERSION = YES;
				CLANG_WARN_OBJC_IMPLICIT_RETAIN_SELF = YES;
				CLANG_WARN_OBJC_LITERAL_CONVERSION = YES;
				CLANG_WARN_OBJC_ROOT_CLASS = YES_ERROR;
				CLANG_WARN_RANGE_LOOP_ANALYSIS = YES;
				CLANG_WARN_STRICT_PROTOTYPES = YES;
				CLANG_WARN_SUSPICIOUS_MOVE = YES;
				CLANG_WARN_UNGUARDED_AVAILABILITY = YES_AGGRESSIVE;
				CLANG_WARN_UNREACHABLE_CODE = YES;
				CLANG_WARN__DUPLICATE_METHOD_MATCH = YES;
				COPY_PHASE_STRIP = NO;
				DEBUG_INFORMATION_FORMAT = "dwarf-with-dsym";
				ENABLE_NS_ASSERTIONS = NO;
				ENABLE_STRICT_OBJC_MSGSEND = YES;
				GCC_C_LANGUAGE_STANDARD = gnu11;
				GCC_NO_COMMON_BLOCKS = YES;
				GCC_WARN_64_TO_32_BIT_CONVERSION = YES;
				GCC_WARN_ABOUT_RETURN_TYPE = YES_ERROR;
				GCC_WARN_UNDECLARED_SELECTOR = YES;
				GCC_WARN_UNINITIALIZED_AUTOS = YES_AGGRESSIVE;
				GCC_WARN_UNUSED_FUNCTION = YES;
				GCC_WARN_UNUSED_VARIABLE = YES;
				IPHONEOS_DEPLOYMENT_TARGET = 13.0;
				MTL_ENABLE_DEBUG_INFO = NO;
				MTL_FAST_MATH = YES;
				SDKROOT = iphoneos;
				SWIFT_COMPILATION_MODE = wholemodule;
				SWIFT_OPTIMIZATION_LEVEL = "-O";
				VALIDATE_PRODUCT = YES;
			};
			name = Release;
		};
		B5CBD457233CF25B00BDD002 /* Debug */ = {
			isa = XCBuildConfiguration;
			buildSettings = {
				ASSETCATALOG_COMPILER_APPICON_NAME = AppIcon;
				CODE_SIGN_STYLE = Automatic;
				DEVELOPMENT_ASSET_PATHS = "\"Landmarks/Preview Content\"";
				ENABLE_PREVIEWS = YES;
				INFOPLIST_FILE = Landmarks/Info.plist;
				LD_RUNPATH_SEARCH_PATHS = (
					"$(inherited)",
					"@executable_path/Frameworks",
				);
				PRODUCT_BUNDLE_IDENTIFIER = com.hungqd.Landmarks;
				PRODUCT_NAME = "$(TARGET_NAME)";
				SWIFT_VERSION = 5.0;
				TARGETED_DEVICE_FAMILY = "1,2";
			};
			name = Debug;
		};
		B5CBD458233CF25B00BDD002 /* Release */ = {
			isa = XCBuildConfiguration;
			buildSettings = {
				ASSETCATALOG_COMPILER_APPICON_NAME = AppIcon;
				CODE_SIGN_STYLE = Automatic;
				DEVELOPMENT_ASSET_PATHS = "\"Landmarks/Preview Content\"";
				ENABLE_PREVIEWS = YES;
				INFOPLIST_FILE = Landmarks/Info.plist;
				LD_RUNPATH_SEARCH_PATHS = (
					"$(inherited)",
					"@executable_path/Frameworks",
				);
				PRODUCT_BUNDLE_IDENTIFIER = com.hungqd.Landmarks;
				PRODUCT_NAME = "$(TARGET_NAME)";
				SWIFT_VERSION = 5.0;
				TARGETED_DEVICE_FAMILY = "1,2";
			};
			name = Release;
		};
/* End XCBuildConfiguration section */

/* Begin XCConfigurationList section */
		B5CBD43D233CF25A00BDD002 /* Build configuration list for PBXProject "Landmarks" */ = {
			isa = XCConfigurationList;
			buildConfigurations = (
				B5CBD454233CF25B00BDD002 /* Debug */,
				B5CBD455233CF25B00BDD002 /* Release */,
			);
			defaultConfigurationIsVisible = 0;
			defaultConfigurationName = Release;
		};
		B5CBD456233CF25B00BDD002 /* Build configuration list for PBXNativeTarget "Landmarks" */ = {
			isa = XCConfigurationList;
			buildConfigurations = (
				B5CBD457233CF25B00BDD002 /* Debug */,
				B5CBD458233CF25B00BDD002 /* Release */,
			);
			defaultConfigurationIsVisible = 0;
			defaultConfigurationName = Release;
		};
/* End XCConfigurationList section */
	};
	rootObject = B5CBD43A233CF25A00BDD002 /* Project object */;
}
